
Microsoft Visual Studio Solution File, Format Version 12.00
# Visual Studio Version 17
VisualStudioVersion = 17.8.34322.80
MinimumVisualStudioVersion = 10.0.40219.1
Project("{9A19103F-16F7-4668-BE54-9A1E7A4F7556}") = "PhotoGallery.API", "PhotoGallery.API\PhotoGallery.API.csproj", "{743095DF-1A3F-4931-A413-626D6B8BAE94}"
EndProject
Global
	GlobalSection(SolutionConfigurationPlatforms) = preSolution
		Debug|Any CPU = Debug|Any CPU
		Release|Any CPU = Release|Any CPU
	EndGlobalSection
	GlobalSection(ProjectConfigurationPlatforms) = postSolution
		{743095DF-1A3F-4931-A413-626D6B8BAE94}.Debug|Any CPU.ActiveCfg = Debug|Any CPU
		{743095DF-1A3F-4931-A413-626D6B8BAE94}.Debug|Any CPU.Build.0 = Debug|Any CPU
		{743095DF-1A3F-4931-A413-626D6B8BAE94}.Release|Any CPU.ActiveCfg = Release|Any CPU
		{743095DF-1A3F-4931-A413-626D6B8BAE94}.Release|Any CPU.Build.0 = Release|Any CPU
	EndGlobalSection
	GlobalSection(SolutionProperties) = preSolution
		HideSolutionNode = FALSE
	EndGlobalSection
	GlobalSection(ExtensibilityGlobals) = postSolution
		SolutionGuid = {D6D801E0-6A0B-4ADD-9520-9A3F260339C4}
	EndGlobalSection
EndGlobal
